Microsoft Visual Studio Solution File, Format Version 11.00
# Visual Studio 2008

Project("{36DA476E-13D1-E3E7-3C51-A47E0A935E6D}") = "Gravity Game", "Assembly-CSharp.csproj", "{FBA57953-C0C3-F9D8-E86A-9F7C063B5FDE}"
EndProject
Global
	GlobalSection(SolutionConfigurationPlatforms) = preSolution
		Debug|Any CPU = Debug|Any CPU
		Release|Any CPU = Release|Any CPU
	EndGlobalSection
	GlobalSection(ProjectConfigurationPlatforms) = postSolution
		{FBA57953-C0C3-F9D8-E86A-9F7C063B5FDE}.Debug|Any CPU.ActiveCfg = Debug|Any CPU
		{FBA57953-C0C3-F9D8-E86A-9F7C063B5FDE}.Debug|Any CPU.Build.0 = Debug|Any CPU
		{FBA57953-C0C3-F9D8-E86A-9F7C063B5FDE}.Release|Any CPU.ActiveCfg = Release|Any CPU
		{FBA57953-C0C3-F9D8-E86A-9F7C063B5FDE}.Release|Any CPU.Build.0 = Release|Any CPU
	EndGlobalSection
	GlobalSection(SolutionProperties) = preSolution
		HideSolutionNode = FALSE
	EndGlobalSection
	GlobalSection(MonoDevelopProperties) = preSolution
		StartupItem = Assembly-CSharp.csproj
	EndGlobalSection
EndGlobal
